
Microsoft Visual Studio Solution File, Format Version 12.00
# Visual Studio Version 17
VisualStudioVersion = 17.7.34221.43
MinimumVisualStudioVersion = 10.0.40219.1
Project("{778DAE3C-4631-46EA-AA77-85C1314464D9}") = "LASer", "LAS\LASer.vbproj", "{047EA979-A03C-4BA4-90DE-3D4E8E4BD88A}"
EndProject
Project("{2150E333-8FDC-42A3-9474-1A3956D46DE8}") = "framework", "framework", "{BFC14517-FFCC-4B16-8A8F-5D7AFEDA7AB5}"
EndProject
Project("{778DAE3C-4631-46EA-AA77-85C1314464D9}") = "Core", "..\..\GCModeller\src\runtime\sciBASIC#\Microsoft.VisualBasic.Core\src\Core.vbproj", "{5805FF8B-FF20-493B-89D4-CDF7661EF23A}"
EndProject
Project("{778DAE3C-4631-46EA-AA77-85C1314464D9}") = "Math.NET5", "..\..\GCModeller\src\runtime\sciBASIC#\Data_science\Mathematica\Math\Math\Math.NET5.vbproj", "{DFFF1E04-859B-4335-8D97-B54D390ABC17}"
EndProject
Project("{778DAE3C-4631-46EA-AA77-85C1314464D9}") = "html_netcore5", "..\..\GCModeller\src\runtime\sciBASIC#\mime\text%html\html_netcore5.vbproj", "{5CF6DB8D-1725-43D5-B4F9-9A32A85D883B}"
EndProject
Project("{778DAE3C-4631-46EA-AA77-85C1314464D9}") = "imaging.NET5", "..\..\GCModeller\src\runtime\sciBASIC#\gr\Microsoft.VisualBasic.Imaging\imaging.NET5.vbproj", "{0C438E38-F9C6-4A53-887D-C12736B05F9E}"
EndProject
Project("{F184B08F-C81C-45F6-A57F-5ABD9991F28F}") = "Drawing-net4.8", "..\..\GCModeller\src\runtime\sciBASIC#\gr\Drawing-net4.8\Drawing-net4.8.vbproj", "{66E8C726-0036-41FB-23E2-9E3FADD00407}"
EndProject
Global
	GlobalSection(SolutionConfigurationPlatforms) = preSolution
		Debug|Any CPU = Debug|Any CPU
		Debug|x64 = Debug|x64
		Debug|x86 = Debug|x86
		Docker|Any CPU = Docker|Any CPU
		Docker|x64 = Docker|x64
		Docker|x86 = Docker|x86
		gcmodeller_desktop|Any CPU = gcmodeller_desktop|Any CPU
		gcmodeller_desktop|x64 = gcmodeller_desktop|x64
		gcmodeller_desktop|x86 = gcmodeller_desktop|x86
		LipidSearch|Any CPU = LipidSearch|Any CPU
		LipidSearch|x64 = LipidSearch|x64
		LipidSearch|x86 = LipidSearch|x86
		mzkit_win32|Any CPU = mzkit_win32|Any CPU
		mzkit_win32|x64 = mzkit_win32|x64
		mzkit_win32|x86 = mzkit_win32|x86
		mzkit|Any CPU = mzkit|Any CPU
		mzkit|x64 = mzkit|x64
		mzkit|x86 = mzkit|x86
		NPSearch|Any CPU = NPSearch|Any CPU
		NPSearch|x64 = NPSearch|x64
		NPSearch|x86 = NPSearch|x86
		nuget_release|Any CPU = nuget_release|Any CPU
		nuget_release|x64 = nuget_release|x64
		nuget_release|x86 = nuget_release|x86
		PlantMAT|Any CPU = PlantMAT|Any CPU
		PlantMAT|x64 = PlantMAT|x64
		PlantMAT|x86 = PlantMAT|x86
		Release|Any CPU = Release|Any CPU
		Release|x64 = Release|x64
		Release|x86 = Release|x86
		Rsharp_app_release|Any CPU = Rsharp_app_release|Any CPU
		Rsharp_app_release|x64 = Rsharp_app_release|x64
		Rsharp_app_release|x86 = Rsharp_app_release|x86
	EndGlobalSection
	GlobalSection(ProjectConfigurationPlatforms) = postSolution
		{047EA979-A03C-4BA4-90DE-3D4E8E4BD88A}.Debug|Any CPU.ActiveCfg = Debug|Any CPU
		{047EA979-A03C-4BA4-90DE-3D4E8E4BD88A}.Debug|Any CPU.Build.0 = Debug|Any CPU
		{047EA979-A03C-4BA4-90DE-3D4E8E4BD88A}.Debug|x64.ActiveCfg = Debug|x64
		{047EA979-A03C-4BA4-90DE-3D4E8E4BD88A}.Debug|x64.Build.0 = Debug|x64
		{047EA979-A03C-4BA4-90DE-3D4E8E4BD88A}.Debug|x86.ActiveCfg = Debug|Any CPU
		{047EA979-A03C-4BA4-90DE-3D4E8E4BD88A}.Debug|x86.Build.0 = Debug|Any CPU
		{047EA979-A03C-4BA4-90DE-3D4E8E4BD88A}.Docker|Any CPU.ActiveCfg = Debug|Any CPU
		{047EA979-A03C-4BA4-90DE-3D4E8E4BD88A}.Docker|Any CPU.Build.0 = Debug|Any CPU
		{047EA979-A03C-4BA4-90DE-3D4E8E4BD88A}.Docker|x64.ActiveCfg = Debug|Any CPU
		{047EA979-A03C-4BA4-90DE-3D4E8E4BD88A}.Docker|x64.Build.0 = Debug|Any CPU
		{047EA979-A03C-4BA4-90DE-3D4E8E4BD88A}.Docker|x86.ActiveCfg = Debug|Any CPU
		{047EA979-A03C-4BA4-90DE-3D4E8E4BD88A}.Docker|x86.Build.0 = Debug|Any CPU
		{047EA979-A03C-4BA4-90DE-3D4E8E4BD88A}.gcmodeller_desktop|Any CPU.ActiveCfg = Debug|Any CPU
		{047EA979-A03C-4BA4-90DE-3D4E8E4BD88A}.gcmodeller_desktop|Any CPU.Build.0 = Debug|Any CPU
		{047EA979-A03C-4BA4-90DE-3D4E8E4BD88A}.gcmodeller_desktop|x64.ActiveCfg = Debug|Any CPU
		{047EA979-A03C-4BA4-90DE-3D4E8E4BD88A}.gcmodeller_desktop|x64.Build.0 = Debug|Any CPU
		{047EA979-A03C-4BA4-90DE-3D4E8E4BD88A}.gcmodeller_desktop|x86.ActiveCfg = Debug|Any CPU
		{047EA979-A03C-4BA4-90DE-3D4E8E4BD88A}.gcmodeller_desktop|x86.Build.0 = Debug|Any CPU
		{047EA979-A03C-4BA4-90DE-3D4E8E4BD88A}.LipidSearch|Any CPU.ActiveCfg = Debug|Any CPU
		{047EA979-A03C-4BA4-90DE-3D4E8E4BD88A}.LipidSearch|Any CPU.Build.0 = Debug|Any CPU
		{047EA979-A03C-4BA4-90DE-3D4E8E4BD88A}.LipidSearch|x64.ActiveCfg = Debug|Any CPU
		{047EA979-A03C-4BA4-90DE-3D4E8E4BD88A}.LipidSearch|x64.Build.0 = Debug|Any CPU
		{047EA979-A03C-4BA4-90DE-3D4E8E4BD88A}.LipidSearch|x86.ActiveCfg = Debug|Any CPU
		{047EA979-A03C-4BA4-90DE-3D4E8E4BD88A}.LipidSearch|x86.Build.0 = Debug|Any CPU
		{047EA979-A03C-4BA4-90DE-3D4E8E4BD88A}.mzkit_win32|Any CPU.ActiveCfg = Debug|Any CPU
		{047EA979-A03C-4BA4-90DE-3D4E8E4BD88A}.mzkit_win32|Any CPU.Build.0 = Debug|Any CPU
		{047EA979-A03C-4BA4-90DE-3D4E8E4BD88A}.mzkit_win32|x64.ActiveCfg = Debug|Any CPU
		{047EA979-A03C-4BA4-90DE-3D4E8E4BD88A}.mzkit_win32|x64.Build.0 = Debug|Any CPU
		{047EA979-A03C-4BA4-90DE-3D4E8E4BD88A}.mzkit_win32|x86.ActiveCfg = Debug|Any CPU
		{047EA979-A03C-4BA4-90DE-3D4E8E4BD88A}.mzkit_win32|x86.Build.0 = Debug|Any CPU
		{047EA979-A03C-4BA4-90DE-3D4E8E4BD88A}.mzkit|Any CPU.ActiveCfg = Debug|Any CPU
		{047EA979-A03C-4BA4-90DE-3D4E8E4BD88A}.mzkit|Any CPU.Build.0 = Debug|Any CPU
		{047EA979-A03C-4BA4-90DE-3D4E8E4BD88A}.mzkit|x64.ActiveCfg = Debug|Any CPU
		{047EA979-A03C-4BA4-90DE-3D4E8E4BD88A}.mzkit|x64.Build.0 = Debug|Any CPU
		{047EA979-A03C-4BA4-90DE-3D4E8E4BD88A}.mzkit|x86.ActiveCfg = Debug|Any CPU
		{047EA979-A03C-4BA4-90DE-3D4E8E4BD88A}.mzkit|x86.Build.0 = Debug|Any CPU
		{047EA979-A03C-4BA4-90DE-3D4E8E4BD88A}.NPSearch|Any CPU.ActiveCfg = Debug|Any CPU
		{047EA979-A03C-4BA4-90DE-3D4E8E4BD88A}.NPSearch|Any CPU.Build.0 = Debug|Any CPU
		{047EA979-A03C-4BA4-90DE-3D4E8E4BD88A}.NPSearch|x64.ActiveCfg = Debug|Any CPU
		{047EA979-A03C-4BA4-90DE-3D4E8E4BD88A}.NPSearch|x64.Build.0 = Debug|Any CPU
		{047EA979-A03C-4BA4-90DE-3D4E8E4BD88A}.NPSearch|x86.ActiveCfg = Debug|Any CPU
		{047EA979-A03C-4BA4-90DE-3D4E8E4BD88A}.NPSearch|x86.Build.0 = Debug|Any CPU
		{047EA979-A03C-4BA4-90DE-3D4E8E4BD88A}.nuget_release|Any CPU.ActiveCfg = Rsharp_app_release|Any CPU
		{047EA979-A03C-4BA4-90DE-3D4E8E4BD88A}.nuget_release|Any CPU.Build.0 = Rsharp_app_release|Any CPU
		{047EA979-A03C-4BA4-90DE-3D4E8E4BD88A}.nuget_release|x64.ActiveCfg = Rsharp_app_release|x64
		{047EA979-A03C-4BA4-90DE-3D4E8E4BD88A}.nuget_release|x64.Build.0 = Rsharp_app_release|x64
		{047EA979-A03C-4BA4-90DE-3D4E8E4BD88A}.nuget_release|x86.ActiveCfg = Rsharp_app_release|Any CPU
		{047EA979-A03C-4BA4-90DE-3D4E8E4BD88A}.nuget_release|x86.Build.0 = Rsharp_app_release|Any CPU
		{047EA979-A03C-4BA4-90DE-3D4E8E4BD88A}.PlantMAT|Any CPU.ActiveCfg = Debug|Any CPU
		{047EA979-A03C-4BA4-90DE-3D4E8E4BD88A}.PlantMAT|Any CPU.Build.0 = Debug|Any CPU
		{047EA979-A03C-4BA4-90DE-3D4E8E4BD88A}.PlantMAT|x64.ActiveCfg = Debug|Any CPU
		{047EA979-A03C-4BA4-90DE-3D4E8E4BD88A}.PlantMAT|x64.Build.0 = Debug|Any CPU
		{047EA979-A03C-4BA4-90DE-3D4E8E4BD88A}.PlantMAT|x86.ActiveCfg = Debug|Any CPU
		{047EA979-A03C-4BA4-90DE-3D4E8E4BD88A}.PlantMAT|x86.Build.0 = Debug|Any CPU
		{047EA979-A03C-4BA4-90DE-3D4E8E4BD88A}.Release|Any CPU.ActiveCfg = Release|Any CPU
		{047EA979-A03C-4BA4-90DE-3D4E8E4BD88A}.Release|Any CPU.Build.0 = Release|Any CPU
		{047EA979-A03C-4BA4-90DE-3D4E8E4BD88A}.Release|x64.ActiveCfg = Release|Any CPU
		{047EA979-A03C-4BA4-90DE-3D4E8E4BD88A}.Release|x64.Build.0 = Release|Any CPU
		{047EA979-A03C-4BA4-90DE-3D4E8E4BD88A}.Release|x86.ActiveCfg = Release|Any CPU
		{047EA979-A03C-4BA4-90DE-3D4E8E4BD88A}.Release|x86.Build.0 = Release|Any CPU
		{047EA979-A03C-4BA4-90DE-3D4E8E4BD88A}.Rsharp_app_release|Any CPU.ActiveCfg = Release|Any CPU
		{047EA979-A03C-4BA4-90DE-3D4E8E4BD88A}.Rsharp_app_release|Any CPU.Build.0 = Release|Any CPU
		{047EA979-A03C-4BA4-90DE-3D4E8E4BD88A}.Rsharp_app_release|x64.ActiveCfg = Release|Any CPU
		{047EA979-A03C-4BA4-90DE-3D4E8E4BD88A}.Rsharp_app_release|x64.Build.0 = Release|Any CPU
		{047EA979-A03C-4BA4-90DE-3D4E8E4BD88A}.Rsharp_app_release|x86.ActiveCfg = Release|Any CPU
		{047EA979-A03C-4BA4-90DE-3D4E8E4BD88A}.Rsharp_app_release|x86.Build.0 = Release|Any CPU
		{5805FF8B-FF20-493B-89D4-CDF7661EF23A}.Debug|Any CPU.ActiveCfg = Debug|Any CPU
		{5805FF8B-FF20-493B-89D4-CDF7661EF23A}.Debug|Any CPU.Build.0 = Debug|Any CPU
		{5805FF8B-FF20-493B-89D4-CDF7661EF23A}.Debug|x64.ActiveCfg = Debug|x64
		{5805FF8B-FF20-493B-89D4-CDF7661EF23A}.Debug|x64.Build.0 = Debug|x64
		{5805FF8B-FF20-493B-89D4-CDF7661EF23A}.Debug|x86.ActiveCfg = Debug|x86
		{5805FF8B-FF20-493B-89D4-CDF7661EF23A}.Debug|x86.Build.0 = Debug|x86
		{5805FF8B-FF20-493B-89D4-CDF7661EF23A}.Docker|Any CPU.ActiveCfg = Docker|Any CPU
		{5805FF8B-FF20-493B-89D4-CDF7661EF23A}.Docker|Any CPU.Build.0 = Docker|Any CPU
		{5805FF8B-FF20-493B-89D4-CDF7661EF23A}.Docker|x64.ActiveCfg = Docker|x64
		{5805FF8B-FF20-493B-89D4-CDF7661EF23A}.Docker|x64.Build.0 = Docker|x64
		{5805FF8B-FF20-493B-89D4-CDF7661EF23A}.Docker|x86.ActiveCfg = Docker|x86
		{5805FF8B-FF20-493B-89D4-CDF7661EF23A}.Docker|x86.Build.0 = Docker|x86
		{5805FF8B-FF20-493B-89D4-CDF7661EF23A}.gcmodeller_desktop|Any CPU.ActiveCfg = gcmodeller_desktop|Any CPU
		{5805FF8B-FF20-493B-89D4-CDF7661EF23A}.gcmodeller_desktop|Any CPU.Build.0 = gcmodeller_desktop|Any CPU
		{5805FF8B-FF20-493B-89D4-CDF7661EF23A}.gcmodeller_desktop|x64.ActiveCfg = gcmodeller_desktop|x64
		{5805FF8B-FF20-493B-89D4-CDF7661EF23A}.gcmodeller_desktop|x64.Build.0 = gcmodeller_desktop|x64
		{5805FF8B-FF20-493B-89D4-CDF7661EF23A}.gcmodeller_desktop|x86.ActiveCfg = gcmodeller_desktop|x86
		{5805FF8B-FF20-493B-89D4-CDF7661EF23A}.gcmodeller_desktop|x86.Build.0 = gcmodeller_desktop|x86
		{5805FF8B-FF20-493B-89D4-CDF7661EF23A}.LipidSearch|Any CPU.ActiveCfg = LipidSearch|Any CPU
		{5805FF8B-FF20-493B-89D4-CDF7661EF23A}.LipidSearch|Any CPU.Build.0 = LipidSearch|Any CPU
		{5805FF8B-FF20-493B-89D4-CDF7661EF23A}.LipidSearch|x64.ActiveCfg = LipidSearch|x64
		{5805FF8B-FF20-493B-89D4-CDF7661EF23A}.LipidSearch|x64.Build.0 = LipidSearch|x64
		{5805FF8B-FF20-493B-89D4-CDF7661EF23A}.LipidSearch|x86.ActiveCfg = LipidSearch|x86
		{5805FF8B-FF20-493B-89D4-CDF7661EF23A}.LipidSearch|x86.Build.0 = LipidSearch|x86
		{5805FF8B-FF20-493B-89D4-CDF7661EF23A}.mzkit_win32|Any CPU.ActiveCfg = mzkit_win32|Any CPU
		{5805FF8B-FF20-493B-89D4-CDF7661EF23A}.mzkit_win32|Any CPU.Build.0 = mzkit_win32|Any CPU
		{5805FF8B-FF20-493B-89D4-CDF7661EF23A}.mzkit_win32|x64.ActiveCfg = mzkit_win32|x64
		{5805FF8B-FF20-493B-89D4-CDF7661EF23A}.mzkit_win32|x64.Build.0 = mzkit_win32|x64
		{5805FF8B-FF20-493B-89D4-CDF7661EF23A}.mzkit_win32|x86.ActiveCfg = mzkit_win32|x86
		{5805FF8B-FF20-493B-89D4-CDF7661EF23A}.mzkit_win32|x86.Build.0 = mzkit_win32|x86
		{5805FF8B-FF20-493B-89D4-CDF7661EF23A}.mzkit|Any CPU.ActiveCfg = mzkit|Any CPU
		{5805FF8B-FF20-493B-89D4-CDF7661EF23A}.mzkit|Any CPU.Build.0 = mzkit|Any CPU
		{5805FF8B-FF20-493B-89D4-CDF7661EF23A}.mzkit|x64.ActiveCfg = mzkit|x64
		{5805FF8B-FF20-493B-89D4-CDF7661EF23A}.mzkit|x64.Build.0 = mzkit|x64
		{5805FF8B-FF20-493B-89D4-CDF7661EF23A}.mzkit|x86.ActiveCfg = mzkit|x86
		{5805FF8B-FF20-493B-89D4-CDF7661EF23A}.mzkit|x86.Build.0 = mzkit|x86
		{5805FF8B-FF20-493B-89D4-CDF7661EF23A}.NPSearch|Any CPU.ActiveCfg = NPSearch|Any CPU
		{5805FF8B-FF20-493B-89D4-CDF7661EF23A}.NPSearch|Any CPU.Build.0 = NPSearch|Any CPU
		{5805FF8B-FF20-493B-89D4-CDF7661EF23A}.NPSearch|x64.ActiveCfg = NPSearch|x64
		{5805FF8B-FF20-493B-89D4-CDF7661EF23A}.NPSearch|x64.Build.0 = NPSearch|x64
		{5805FF8B-FF20-493B-89D4-CDF7661EF23A}.NPSearch|x86.ActiveCfg = NPSearch|x86
		{5805FF8B-FF20-493B-89D4-CDF7661EF23A}.NPSearch|x86.Build.0 = NPSearch|x86
		{5805FF8B-FF20-493B-89D4-CDF7661EF23A}.nuget_release|Any CPU.ActiveCfg = nuget_release|Any CPU
		{5805FF8B-FF20-493B-89D4-CDF7661EF23A}.nuget_release|Any CPU.Build.0 = nuget_release|Any CPU
		{5805FF8B-FF20-493B-89D4-CDF7661EF23A}.nuget_release|x64.ActiveCfg = nuget_release|x64
		{5805FF8B-FF20-493B-89D4-CDF7661EF23A}.nuget_release|x64.Build.0 = nuget_release|x64
		{5805FF8B-FF20-493B-89D4-CDF7661EF23A}.nuget_release|x86.ActiveCfg = nuget_release|x86
		{5805FF8B-FF20-493B-89D4-CDF7661EF23A}.nuget_release|x86.Build.0 = nuget_release|x86
		{5805FF8B-FF20-493B-89D4-CDF7661EF23A}.PlantMAT|Any CPU.ActiveCfg = PlantMAT|Any CPU
		{5805FF8B-FF20-493B-89D4-CDF7661EF23A}.PlantMAT|Any CPU.Build.0 = PlantMAT|Any CPU
		{5805FF8B-FF20-493B-89D4-CDF7661EF23A}.PlantMAT|x64.ActiveCfg = PlantMAT|x64
		{5805FF8B-FF20-493B-89D4-CDF7661EF23A}.PlantMAT|x64.Build.0 = PlantMAT|x64
		{5805FF8B-FF20-493B-89D4-CDF7661EF23A}.PlantMAT|x86.ActiveCfg = PlantMAT|x86
		{5805FF8B-FF20-493B-89D4-CDF7661EF23A}.PlantMAT|x86.Build.0 = PlantMAT|x86
		{5805FF8B-FF20-493B-89D4-CDF7661EF23A}.Release|Any CPU.ActiveCfg = Release|Any CPU
		{5805FF8B-FF20-493B-89D4-CDF7661EF23A}.Release|Any CPU.Build.0 = Release|Any CPU
		{5805FF8B-FF20-493B-89D4-CDF7661EF23A}.Release|x64.ActiveCfg = Release|x64
		{5805FF8B-FF20-493B-89D4-CDF7661EF23A}.Release|x64.Build.0 = Release|x64
		{5805FF8B-FF20-493B-89D4-CDF7661EF23A}.Release|x86.ActiveCfg = Release|x86
		{5805FF8B-FF20-493B-89D4-CDF7661EF23A}.Release|x86.Build.0 = Release|x86
		{5805FF8B-FF20-493B-89D4-CDF7661EF23A}.Rsharp_app_release|Any CPU.ActiveCfg = Rsharp_app_release|Any CPU
		{5805FF8B-FF20-493B-89D4-CDF7661EF23A}.Rsharp_app_release|Any CPU.Build.0 = Rsharp_app_release|Any CPU
		{5805FF8B-FF20-493B-89D4-CDF7661EF23A}.Rsharp_app_release|x64.ActiveCfg = Rsharp_app_release|x64
		{5805FF8B-FF20-493B-89D4-CDF7661EF23A}.Rsharp_app_release|x64.Build.0 = Rsharp_app_release|x64
		{5805FF8B-FF20-493B-89D4-CDF7661EF23A}.Rsharp_app_release|x86.ActiveCfg = Rsharp_app_release|x86
		{5805FF8B-FF20-493B-89D4-CDF7661EF23A}.Rsharp_app_release|x86.Build.0 = Rsharp_app_release|x86
		{DFFF1E04-859B-4335-8D97-B54D390ABC17}.Debug|Any CPU.ActiveCfg = Debug|Any CPU
		{DFFF1E04-859B-4335-8D97-B54D390ABC17}.Debug|Any CPU.Build.0 = Debug|Any CPU
		{DFFF1E04-859B-4335-8D97-B54D390ABC17}.Debug|x64.ActiveCfg = Debug|x64
		{DFFF1E04-859B-4335-8D97-B54D390ABC17}.Debug|x64.Build.0 = Debug|x64
		{DFFF1E04-859B-4335-8D97-B54D390ABC17}.Debug|x86.ActiveCfg = Debug|Any CPU
		{DFFF1E04-859B-4335-8D97-B54D390ABC17}.Debug|x86.Build.0 = Debug|Any CPU
		{DFFF1E04-859B-4335-8D97-B54D390ABC17}.Docker|Any CPU.ActiveCfg = Debug|Any CPU
		{DFFF1E04-859B-4335-8D97-B54D390ABC17}.Docker|Any CPU.Build.0 = Debug|Any CPU
		{DFFF1E04-859B-4335-8D97-B54D390ABC17}.Docker|x64.ActiveCfg = Debug|x64
		{DFFF1E04-859B-4335-8D97-B54D390ABC17}.Docker|x64.Build.0 = Debug|x64
		{DFFF1E04-859B-4335-8D97-B54D390ABC17}.Docker|x86.ActiveCfg = Debug|Any CPU
		{DFFF1E04-859B-4335-8D97-B54D390ABC17}.Docker|x86.Build.0 = Debug|Any CPU
		{DFFF1E04-859B-4335-8D97-B54D390ABC17}.gcmodeller_desktop|Any CPU.ActiveCfg = gcmodeller_desktop|Any CPU
		{DFFF1E04-859B-4335-8D97-B54D390ABC17}.gcmodeller_desktop|Any CPU.Build.0 = gcmodeller_desktop|Any CPU
		{DFFF1E04-859B-4335-8D97-B54D390ABC17}.gcmodeller_desktop|x64.ActiveCfg = gcmodeller_desktop|x64
		{DFFF1E04-859B-4335-8D97-B54D390ABC17}.gcmodeller_desktop|x64.Build.0 = gcmodeller_desktop|x64
		{DFFF1E04-859B-4335-8D97-B54D390ABC17}.gcmodeller_desktop|x86.ActiveCfg = gcmodeller_desktop|Any CPU
		{DFFF1E04-859B-4335-8D97-B54D390ABC17}.gcmodeller_desktop|x86.Build.0 = gcmodeller_desktop|Any CPU
		{DFFF1E04-859B-4335-8D97-B54D390ABC17}.LipidSearch|Any CPU.ActiveCfg = LipidSearch|Any CPU
		{DFFF1E04-859B-4335-8D97-B54D390ABC17}.LipidSearch|Any CPU.Build.0 = LipidSearch|Any CPU
		{DFFF1E04-859B-4335-8D97-B54D390ABC17}.LipidSearch|x64.ActiveCfg = LipidSearch|x64
		{DFFF1E04-859B-4335-8D97-B54D390ABC17}.LipidSearch|x64.Build.0 = LipidSearch|x64
		{DFFF1E04-859B-4335-8D97-B54D390ABC17}.LipidSearch|x86.ActiveCfg = LipidSearch|Any CPU
		{DFFF1E04-859B-4335-8D97-B54D390ABC17}.LipidSearch|x86.Build.0 = LipidSearch|Any CPU
		{DFFF1E04-859B-4335-8D97-B54D390ABC17}.mzkit_win32|Any CPU.ActiveCfg = mzkit_win32|Any CPU
		{DFFF1E04-859B-4335-8D97-B54D390ABC17}.mzkit_win32|Any CPU.Build.0 = mzkit_win32|Any CPU
		{DFFF1E04-859B-4335-8D97-B54D390ABC17}.mzkit_win32|x64.ActiveCfg = mzkit_win32|x64
		{DFFF1E04-859B-4335-8D97-B54D390ABC17}.mzkit_win32|x64.Build.0 = mzkit_win32|x64
		{DFFF1E04-859B-4335-8D97-B54D390ABC17}.mzkit_win32|x86.ActiveCfg = mzkit_win32|Any CPU
		{DFFF1E04-859B-4335-8D97-B54D390ABC17}.mzkit_win32|x86.Build.0 = mzkit_win32|Any CPU
		{DFFF1E04-859B-4335-8D97-B54D390ABC17}.mzkit|Any CPU.ActiveCfg = mzkit|Any CPU
		{DFFF1E04-859B-4335-8D97-B54D390ABC17}.mzkit|Any CPU.Build.0 = mzkit|Any CPU
		{DFFF1E04-859B-4335-8D97-B54D390ABC17}.mzkit|x64.ActiveCfg = mzkit|x64
		{DFFF1E04-859B-4335-8D97-B54D390ABC17}.mzkit|x64.Build.0 = mzkit|x64
		{DFFF1E04-859B-4335-8D97-B54D390ABC17}.mzkit|x86.ActiveCfg = mzkit|Any CPU
		{DFFF1E04-859B-4335-8D97-B54D390ABC17}.mzkit|x86.Build.0 = mzkit|Any CPU
		{DFFF1E04-859B-4335-8D97-B54D390ABC17}.NPSearch|Any CPU.ActiveCfg = NPSearch|Any CPU
		{DFFF1E04-859B-4335-8D97-B54D390ABC17}.NPSearch|Any CPU.Build.0 = NPSearch|Any CPU
		{DFFF1E04-859B-4335-8D97-B54D390ABC17}.NPSearch|x64.ActiveCfg = NPSearch|x64
		{DFFF1E04-859B-4335-8D97-B54D390ABC17}.NPSearch|x64.Build.0 = NPSearch|x64
		{DFFF1E04-859B-4335-8D97-B54D390ABC17}.NPSearch|x86.ActiveCfg = NPSearch|Any CPU
		{DFFF1E04-859B-4335-8D97-B54D390ABC17}.NPSearch|x86.Build.0 = NPSearch|Any CPU
		{DFFF1E04-859B-4335-8D97-B54D390ABC17}.nuget_release|Any CPU.ActiveCfg = nuget_release|Any CPU
		{DFFF1E04-859B-4335-8D97-B54D390ABC17}.nuget_release|Any CPU.Build.0 = nuget_release|Any CPU
		{DFFF1E04-859B-4335-8D97-B54D390ABC17}.nuget_release|x64.ActiveCfg = nuget_release|x64
		{DFFF1E04-859B-4335-8D97-B54D390ABC17}.nuget_release|x64.Build.0 = nuget_release|x64
		{DFFF1E04-859B-4335-8D97-B54D390ABC17}.nuget_release|x86.ActiveCfg = nuget_release|x86
		{DFFF1E04-859B-4335-8D97-B54D390ABC17}.nuget_release|x86.Build.0 = nuget_release|x86
		{DFFF1E04-859B-4335-8D97-B54D390ABC17}.PlantMAT|Any CPU.ActiveCfg = PlantMAT|Any CPU
		{DFFF1E04-859B-4335-8D97-B54D390ABC17}.PlantMAT|Any CPU.Build.0 = PlantMAT|Any CPU
		{DFFF1E04-859B-4335-8D97-B54D390ABC17}.PlantMAT|x64.ActiveCfg = PlantMAT|x64
		{DFFF1E04-859B-4335-8D97-B54D390ABC17}.PlantMAT|x64.Build.0 = PlantMAT|x64
		{DFFF1E04-859B-4335-8D97-B54D390ABC17}.PlantMAT|x86.ActiveCfg = PlantMAT|Any CPU
		{DFFF1E04-859B-4335-8D97-B54D390ABC17}.PlantMAT|x86.Build.0 = PlantMAT|Any CPU
		{DFFF1E04-859B-4335-8D97-B54D390ABC17}.Release|Any CPU.ActiveCfg = Release|Any CPU
		{DFFF1E04-859B-4335-8D97-B54D390ABC17}.Release|Any CPU.Build.0 = Release|Any CPU
		{DFFF1E04-859B-4335-8D97-B54D390ABC17}.Release|x64.ActiveCfg = Release|x64
		{DFFF1E04-859B-4335-8D97-B54D390ABC17}.Release|x64.Build.0 = Release|x64
		{DFFF1E04-859B-4335-8D97-B54D390ABC17}.Release|x86.ActiveCfg = Release|Any CPU
		{DFFF1E04-859B-4335-8D97-B54D390ABC17}.Release|x86.Build.0 = Release|Any CPU
		{DFFF1E04-859B-4335-8D97-B54D390ABC17}.Rsharp_app_release|Any CPU.ActiveCfg = Rsharp_app_release|Any CPU
		{DFFF1E04-859B-4335-8D97-B54D390ABC17}.Rsharp_app_release|Any CPU.Build.0 = Rsharp_app_release|Any CPU
		{DFFF1E04-859B-4335-8D97-B54D390ABC17}.Rsharp_app_release|x64.ActiveCfg = Rsharp_app_release|x64
		{DFFF1E04-859B-4335-8D97-B54D390ABC17}.Rsharp_app_release|x64.Build.0 = Rsharp_app_release|x64
		{DFFF1E04-859B-4335-8D97-B54D390ABC17}.Rsharp_app_release|x86.ActiveCfg = Rsharp_app_release|Any CPU
		{DFFF1E04-859B-4335-8D97-B54D390ABC17}.Rsharp_app_release|x86.Build.0 = Rsharp_app_release|Any CPU
		{5CF6DB8D-1725-43D5-B4F9-9A32A85D883B}.Debug|Any CPU.ActiveCfg = Debug|Any CPU
		{5CF6DB8D-1725-43D5-B4F9-9A32A85D883B}.Debug|Any CPU.Build.0 = Debug|Any CPU
		{5CF6DB8D-1725-43D5-B4F9-9A32A85D883B}.Debug|x64.ActiveCfg = Debug|x64
		{5CF6DB8D-1725-43D5-B4F9-9A32A85D883B}.Debug|x64.Build.0 = Debug|x64
		{5CF6DB8D-1725-43D5-B4F9-9A32A85D883B}.Debug|x86.ActiveCfg = Debug|Any CPU
		{5CF6DB8D-1725-43D5-B4F9-9A32A85D883B}.Debug|x86.Build.0 = Debug|Any CPU
		{5CF6DB8D-1725-43D5-B4F9-9A32A85D883B}.Docker|Any CPU.ActiveCfg = Debug|Any CPU
		{5CF6DB8D-1725-43D5-B4F9-9A32A85D883B}.Docker|Any CPU.Build.0 = Debug|Any CPU
		{5CF6DB8D-1725-43D5-B4F9-9A32A85D883B}.Docker|x64.ActiveCfg = Debug|x64
		{5CF6DB8D-1725-43D5-B4F9-9A32A85D883B}.Docker|x64.Build.0 = Debug|x64
		{5CF6DB8D-1725-43D5-B4F9-9A32A85D883B}.Docker|x86.ActiveCfg = Debug|Any CPU
		{5CF6DB8D-1725-43D5-B4F9-9A32A85D883B}.Docker|x86.Build.0 = Debug|Any CPU
		{5CF6DB8D-1725-43D5-B4F9-9A32A85D883B}.gcmodeller_desktop|Any CPU.ActiveCfg = gcmodeller_desktop|Any CPU
		{5CF6DB8D-1725-43D5-B4F9-9A32A85D883B}.gcmodeller_desktop|Any CPU.Build.0 = gcmodeller_desktop|Any CPU
		{5CF6DB8D-1725-43D5-B4F9-9A32A85D883B}.gcmodeller_desktop|x64.ActiveCfg = gcmodeller_desktop|x64
		{5CF6DB8D-1725-43D5-B4F9-9A32A85D883B}.gcmodeller_desktop|x64.Build.0 = gcmodeller_desktop|x64
		{5CF6DB8D-1725-43D5-B4F9-9A32A85D883B}.gcmodeller_desktop|x86.ActiveCfg = gcmodeller_desktop|Any CPU
		{5CF6DB8D-1725-43D5-B4F9-9A32A85D883B}.gcmodeller_desktop|x86.Build.0 = gcmodeller_desktop|Any CPU
		{5CF6DB8D-1725-43D5-B4F9-9A32A85D883B}.LipidSearch|Any CPU.ActiveCfg = LipidSearch|Any CPU
		{5CF6DB8D-1725-43D5-B4F9-9A32A85D883B}.LipidSearch|Any CPU.Build.0 = LipidSearch|Any CPU
		{5CF6DB8D-1725-43D5-B4F9-9A32A85D883B}.LipidSearch|x64.ActiveCfg = LipidSearch|x64
		{5CF6DB8D-1725-43D5-B4F9-9A32A85D883B}.LipidSearch|x64.Build.0 = LipidSearch|x64
		{5CF6DB8D-1725-43D5-B4F9-9A32A85D883B}.LipidSearch|x86.ActiveCfg = LipidSearch|Any CPU
		{5CF6DB8D-1725-43D5-B4F9-9A32A85D883B}.LipidSearch|x86.Build.0 = LipidSearch|Any CPU
		{5CF6DB8D-1725-43D5-B4F9-9A32A85D883B}.mzkit_win32|Any CPU.ActiveCfg = mzkit_win32|Any CPU
		{5CF6DB8D-1725-43D5-B4F9-9A32A85D883B}.mzkit_win32|Any CPU.Build.0 = mzkit_win32|Any CPU
		{5CF6DB8D-1725-43D5-B4F9-9A32A85D883B}.mzkit_win32|x64.ActiveCfg = mzkit_win32|x64
		{5CF6DB8D-1725-43D5-B4F9-9A32A85D883B}.mzkit_win32|x64.Build.0 = mzkit_win32|x64
		{5CF6DB8D-1725-43D5-B4F9-9A32A85D883B}.mzkit_win32|x86.ActiveCfg = mzkit_win32|Any CPU
		{5CF6DB8D-1725-43D5-B4F9-9A32A85D883B}.mzkit_win32|x86.Build.0 = mzkit_win32|Any CPU
		{5CF6DB8D-1725-43D5-B4F9-9A32A85D883B}.mzkit|Any CPU.ActiveCfg = mzkit|Any CPU
		{5CF6DB8D-1725-43D5-B4F9-9A32A85D883B}.mzkit|Any CPU.Build.0 = mzkit|Any CPU
		{5CF6DB8D-1725-43D5-B4F9-9A32A85D883B}.mzkit|x64.ActiveCfg = mzkit|x64
		{5CF6DB8D-1725-43D5-B4F9-9A32A85D883B}.mzkit|x64.Build.0 = mzkit|x64
		{5CF6DB8D-1725-43D5-B4F9-9A32A85D883B}.mzkit|x86.ActiveCfg = mzkit|Any CPU
		{5CF6DB8D-1725-43D5-B4F9-9A32A85D883B}.mzkit|x86.Build.0 = mzkit|Any CPU
		{5CF6DB8D-1725-43D5-B4F9-9A32A85D883B}.NPSearch|Any CPU.ActiveCfg = NPSearch|Any CPU
		{5CF6DB8D-1725-43D5-B4F9-9A32A85D883B}.NPSearch|Any CPU.Build.0 = NPSearch|Any CPU
		{5CF6DB8D-1725-43D5-B4F9-9A32A85D883B}.NPSearch|x64.ActiveCfg = NPSearch|x64
		{5CF6DB8D-1725-43D5-B4F9-9A32A85D883B}.NPSearch|x64.Build.0 = NPSearch|x64
		{5CF6DB8D-1725-43D5-B4F9-9A32A85D883B}.NPSearch|x86.ActiveCfg = NPSearch|Any CPU
		{5CF6DB8D-1725-43D5-B4F9-9A32A85D883B}.NPSearch|x86.Build.0 = NPSearch|Any CPU
		{5CF6DB8D-1725-43D5-B4F9-9A32A85D883B}.nuget_release|Any CPU.ActiveCfg = nuget_release|Any CPU
		{5CF6DB8D-1725-43D5-B4F9-9A32A85D883B}.nuget_release|Any CPU.Build.0 = nuget_release|Any CPU
		{5CF6DB8D-1725-43D5-B4F9-9A32A85D883B}.nuget_release|x64.ActiveCfg = nuget_release|x64
		{5CF6DB8D-1725-43D5-B4F9-9A32A85D883B}.nuget_release|x64.Build.0 = nuget_release|x64
		{5CF6DB8D-1725-43D5-B4F9-9A32A85D883B}.nuget_release|x86.ActiveCfg = nuget_release|Any CPU
		{5CF6DB8D-1725-43D5-B4F9-9A32A85D883B}.nuget_release|x86.Build.0 = nuget_release|Any CPU
		{5CF6DB8D-1725-43D5-B4F9-9A32A85D883B}.PlantMAT|Any CPU.ActiveCfg = Debug|Any CPU
		{5CF6DB8D-1725-43D5-B4F9-9A32A85D883B}.PlantMAT|Any CPU.Build.0 = Debug|Any CPU
		{5CF6DB8D-1725-43D5-B4F9-9A32A85D883B}.PlantMAT|x64.ActiveCfg = Debug|x64
		{5CF6DB8D-1725-43D5-B4F9-9A32A85D883B}.PlantMAT|x64.Build.0 = Debug|x64
		{5CF6DB8D-1725-43D5-B4F9-9A32A85D883B}.PlantMAT|x86.ActiveCfg = Debug|Any CPU
		{5CF6DB8D-1725-43D5-B4F9-9A32A85D883B}.PlantMAT|x86.Build.0 = Debug|Any CPU
		{5CF6DB8D-1725-43D5-B4F9-9A32A85D883B}.Release|Any CPU.ActiveCfg = Release|Any CPU
		{5CF6DB8D-1725-43D5-B4F9-9A32A85D883B}.Release|Any CPU.Build.0 = Release|Any CPU
		{5CF6DB8D-1725-43D5-B4F9-9A32A85D883B}.Release|x64.ActiveCfg = Release|x64
		{5CF6DB8D-1725-43D5-B4F9-9A32A85D883B}.Release|x64.Build.0 = Release|x64
		{5CF6DB8D-1725-43D5-B4F9-9A32A85D883B}.Release|x86.ActiveCfg = Release|Any CPU
		{5CF6DB8D-1725-43D5-B4F9-9A32A85D883B}.Release|x86.Build.0 = Release|Any CPU
		{5CF6DB8D-1725-43D5-B4F9-9A32A85D883B}.Rsharp_app_release|Any CPU.ActiveCfg = Rsharp_app_release|Any CPU
		{5CF6DB8D-1725-43D5-B4F9-9A32A85D883B}.Rsharp_app_release|Any CPU.Build.0 = Rsharp_app_release|Any CPU
		{5CF6DB8D-1725-43D5-B4F9-9A32A85D883B}.Rsharp_app_release|x64.ActiveCfg = Rsharp_app_release|x64
		{5CF6DB8D-1725-43D5-B4F9-9A32A85D883B}.Rsharp_app_release|x64.Build.0 = Rsharp_app_release|x64
		{5CF6DB8D-1725-43D5-B4F9-9A32A85D883B}.Rsharp_app_release|x86.ActiveCfg = Rsharp_app_release|Any CPU
		{5CF6DB8D-1725-43D5-B4F9-9A32A85D883B}.Rsharp_app_release|x86.Build.0 = Rsharp_app_release|Any CPU
		{0C438E38-F9C6-4A53-887D-C12736B05F9E}.Debug|Any CPU.ActiveCfg = Debug|Any CPU
		{0C438E38-F9C6-4A53-887D-C12736B05F9E}.Debug|Any CPU.Build.0 = Debug|Any CPU
		{0C438E38-F9C6-4A53-887D-C12736B05F9E}.Debug|x64.ActiveCfg = Debug|x64
		{0C438E38-F9C6-4A53-887D-C12736B05F9E}.Debug|x64.Build.0 = Debug|x64
		{0C438E38-F9C6-4A53-887D-C12736B05F9E}.Debug|x86.ActiveCfg = Debug|Any CPU
		{0C438E38-F9C6-4A53-887D-C12736B05F9E}.Debug|x86.Build.0 = Debug|Any CPU
		{0C438E38-F9C6-4A53-887D-C12736B05F9E}.Docker|Any CPU.ActiveCfg = Debug|Any CPU
		{0C438E38-F9C6-4A53-887D-C12736B05F9E}.Docker|Any CPU.Build.0 = Debug|Any CPU
		{0C438E38-F9C6-4A53-887D-C12736B05F9E}.Docker|x64.ActiveCfg = Debug|x64
		{0C438E38-F9C6-4A53-887D-C12736B05F9E}.Docker|x64.Build.0 = Debug|x64
		{0C438E38-F9C6-4A53-887D-C12736B05F9E}.Docker|x86.ActiveCfg = Debug|Any CPU
		{0C438E38-F9C6-4A53-887D-C12736B05F9E}.Docker|x86.Build.0 = Debug|Any CPU
		{0C438E38-F9C6-4A53-887D-C12736B05F9E}.gcmodeller_desktop|Any CPU.ActiveCfg = gcmodeller_desktop|Any CPU
		{0C438E38-F9C6-4A53-887D-C12736B05F9E}.gcmodeller_desktop|Any CPU.Build.0 = gcmodeller_desktop|Any CPU
		{0C438E38-F9C6-4A53-887D-C12736B05F9E}.gcmodeller_desktop|x64.ActiveCfg = gcmodeller_desktop|x64
		{0C438E38-F9C6-4A53-887D-C12736B05F9E}.gcmodeller_desktop|x64.Build.0 = gcmodeller_desktop|x64
		{0C438E38-F9C6-4A53-887D-C12736B05F9E}.gcmodeller_desktop|x86.ActiveCfg = gcmodeller_desktop|Any CPU
		{0C438E38-F9C6-4A53-887D-C12736B05F9E}.gcmodeller_desktop|x86.Build.0 = gcmodeller_desktop|Any CPU
		{0C438E38-F9C6-4A53-887D-C12736B05F9E}.LipidSearch|Any CPU.ActiveCfg = LipidSearch|Any CPU
		{0C438E38-F9C6-4A53-887D-C12736B05F9E}.LipidSearch|Any CPU.Build.0 = LipidSearch|Any CPU
		{0C438E38-F9C6-4A53-887D-C12736B05F9E}.LipidSearch|x64.ActiveCfg = LipidSearch|x64
		{0C438E38-F9C6-4A53-887D-C12736B05F9E}.LipidSearch|x64.Build.0 = LipidSearch|x64
		{0C438E38-F9C6-4A53-887D-C12736B05F9E}.LipidSearch|x86.ActiveCfg = LipidSearch|Any CPU
		{0C438E38-F9C6-4A53-887D-C12736B05F9E}.LipidSearch|x86.Build.0 = LipidSearch|Any CPU
		{0C438E38-F9C6-4A53-887D-C12736B05F9E}.mzkit_win32|Any CPU.ActiveCfg = mzkit_win32|Any CPU
		{0C438E38-F9C6-4A53-887D-C12736B05F9E}.mzkit_win32|Any CPU.Build.0 = mzkit_win32|Any CPU
		{0C438E38-F9C6-4A53-887D-C12736B05F9E}.mzkit_win32|x64.ActiveCfg = mzkit_win32|x64
		{0C438E38-F9C6-4A53-887D-C12736B05F9E}.mzkit_win32|x64.Build.0 = mzkit_win32|x64
		{0C438E38-F9C6-4A53-887D-C12736B05F9E}.mzkit_win32|x86.ActiveCfg = mzkit_win32|Any CPU
		{0C438E38-F9C6-4A53-887D-C12736B05F9E}.mzkit_win32|x86.Build.0 = mzkit_win32|Any CPU
		{0C438E38-F9C6-4A53-887D-C12736B05F9E}.mzkit|Any CPU.ActiveCfg = mzkit|Any CPU
		{0C438E38-F9C6-4A53-887D-C12736B05F9E}.mzkit|Any CPU.Build.0 = mzkit|Any CPU
		{0C438E38-F9C6-4A53-887D-C12736B05F9E}.mzkit|x64.ActiveCfg = mzkit|x64
		{0C438E38-F9C6-4A53-887D-C12736B05F9E}.mzkit|x64.Build.0 = mzkit|x64
		{0C438E38-F9C6-4A53-887D-C12736B05F9E}.mzkit|x86.ActiveCfg = mzkit|Any CPU
		{0C438E38-F9C6-4A53-887D-C12736B05F9E}.mzkit|x86.Build.0 = mzkit|Any CPU
		{0C438E38-F9C6-4A53-887D-C12736B05F9E}.NPSearch|Any CPU.ActiveCfg = NPSearch|Any CPU
		{0C438E38-F9C6-4A53-887D-C12736B05F9E}.NPSearch|Any CPU.Build.0 = NPSearch|Any CPU
		{0C438E38-F9C6-4A53-887D-C12736B05F9E}.NPSearch|x64.ActiveCfg = NPSearch|x64
		{0C438E38-F9C6-4A53-887D-C12736B05F9E}.NPSearch|x64.Build.0 = NPSearch|x64
		{0C438E38-F9C6-4A53-887D-C12736B05F9E}.NPSearch|x86.ActiveCfg = NPSearch|Any CPU
		{0C438E38-F9C6-4A53-887D-C12736B05F9E}.NPSearch|x86.Build.0 = NPSearch|Any CPU
		{0C438E38-F9C6-4A53-887D-C12736B05F9E}.nuget_release|Any CPU.ActiveCfg = nuget_release|Any CPU
		{0C438E38-F9C6-4A53-887D-C12736B05F9E}.nuget_release|Any CPU.Build.0 = nuget_release|Any CPU
		{0C438E38-F9C6-4A53-887D-C12736B05F9E}.nuget_release|x64.ActiveCfg = nuget_release|x64
		{0C438E38-F9C6-4A53-887D-C12736B05F9E}.nuget_release|x64.Build.0 = nuget_release|x64
		{0C438E38-F9C6-4A53-887D-C12736B05F9E}.nuget_release|x86.ActiveCfg = nuget_release|Any CPU
		{0C438E38-F9C6-4A53-887D-C12736B05F9E}.nuget_release|x86.Build.0 = nuget_release|Any CPU
		{0C438E38-F9C6-4A53-887D-C12736B05F9E}.PlantMAT|Any CPU.ActiveCfg = Debug|Any CPU
		{0C438E38-F9C6-4A53-887D-C12736B05F9E}.PlantMAT|Any CPU.Build.0 = Debug|Any CPU
		{0C438E38-F9C6-4A53-887D-C12736B05F9E}.PlantMAT|x64.ActiveCfg = Debug|x64
		{0C438E38-F9C6-4A53-887D-C12736B05F9E}.PlantMAT|x64.Build.0 = Debug|x64
		{0C438E38-F9C6-4A53-887D-C12736B05F9E}.PlantMAT|x86.ActiveCfg = Debug|Any CPU
		{0C438E38-F9C6-4A53-887D-C12736B05F9E}.PlantMAT|x86.Build.0 = Debug|Any CPU
		{0C438E38-F9C6-4A53-887D-C12736B05F9E}.Release|Any CPU.ActiveCfg = Release|Any CPU
		{0C438E38-F9C6-4A53-887D-C12736B05F9E}.Release|Any CPU.Build.0 = Release|Any CPU
		{0C438E38-F9C6-4A53-887D-C12736B05F9E}.Release|x64.ActiveCfg = Release|x64
		{0C438E38-F9C6-4A53-887D-C12736B05F9E}.Release|x64.Build.0 = Release|x64
		{0C438E38-F9C6-4A53-887D-C12736B05F9E}.Release|x86.ActiveCfg = Release|Any CPU
		{0C438E38-F9C6-4A53-887D-C12736B05F9E}.Release|x86.Build.0 = Release|Any CPU
		{0C438E38-F9C6-4A53-887D-C12736B05F9E}.Rsharp_app_release|Any CPU.ActiveCfg = Rsharp_app_release|Any CPU
		{0C438E38-F9C6-4A53-887D-C12736B05F9E}.Rsharp_app_release|Any CPU.Build.0 = Rsharp_app_release|Any CPU
		{0C438E38-F9C6-4A53-887D-C12736B05F9E}.Rsharp_app_release|x64.ActiveCfg = Rsharp_app_release|x64
		{0C438E38-F9C6-4A53-887D-C12736B05F9E}.Rsharp_app_release|x64.Build.0 = Rsharp_app_release|x64
		{0C438E38-F9C6-4A53-887D-C12736B05F9E}.Rsharp_app_release|x86.ActiveCfg = Rsharp_app_release|Any CPU
		{0C438E38-F9C6-4A53-887D-C12736B05F9E}.Rsharp_app_release|x86.Build.0 = Rsharp_app_release|Any CPU
		{66E8C726-0036-41FB-23E2-9E3FADD00407}.Debug|Any CPU.ActiveCfg = Debug|Any CPU
		{66E8C726-0036-41FB-23E2-9E3FADD00407}.Debug|Any CPU.Build.0 = Debug|Any CPU
		{66E8C726-0036-41FB-23E2-9E3FADD00407}.Debug|x64.ActiveCfg = Debug|x64
		{66E8C726-0036-41FB-23E2-9E3FADD00407}.Debug|x64.Build.0 = Debug|x64
		{66E8C726-0036-41FB-23E2-9E3FADD00407}.Debug|x86.ActiveCfg = Debug|Any CPU
		{66E8C726-0036-41FB-23E2-9E3FADD00407}.Debug|x86.Build.0 = Debug|Any CPU
		{66E8C726-0036-41FB-23E2-9E3FADD00407}.Docker|Any CPU.ActiveCfg = Release|Any CPU
		{66E8C726-0036-41FB-23E2-9E3FADD00407}.Docker|Any CPU.Build.0 = Release|Any CPU
		{66E8C726-0036-41FB-23E2-9E3FADD00407}.Docker|x64.ActiveCfg = Release|x64
		{66E8C726-0036-41FB-23E2-9E3FADD00407}.Docker|x64.Build.0 = Release|x64
		{66E8C726-0036-41FB-23E2-9E3FADD00407}.Docker|x86.ActiveCfg = Release|Any CPU
		{66E8C726-0036-41FB-23E2-9E3FADD00407}.Docker|x86.Build.0 = Release|Any CPU
		{66E8C726-0036-41FB-23E2-9E3FADD00407}.gcmodeller_desktop|Any CPU.ActiveCfg = nuget_release|Any CPU
		{66E8C726-0036-41FB-23E2-9E3FADD00407}.gcmodeller_desktop|Any CPU.Build.0 = nuget_release|Any CPU
		{66E8C726-0036-41FB-23E2-9E3FADD00407}.gcmodeller_desktop|x64.ActiveCfg = nuget_release|x64
		{66E8C726-0036-41FB-23E2-9E3FADD00407}.gcmodeller_desktop|x64.Build.0 = nuget_release|x64
		{66E8C726-0036-41FB-23E2-9E3FADD00407}.gcmodeller_desktop|x86.ActiveCfg = nuget_release|Any CPU
		{66E8C726-0036-41FB-23E2-9E3FADD00407}.gcmodeller_desktop|x86.Build.0 = nuget_release|Any CPU
		{66E8C726-0036-41FB-23E2-9E3FADD00407}.LipidSearch|Any CPU.ActiveCfg = nuget_release|Any CPU
		{66E8C726-0036-41FB-23E2-9E3FADD00407}.LipidSearch|Any CPU.Build.0 = nuget_release|Any CPU
		{66E8C726-0036-41FB-23E2-9E3FADD00407}.LipidSearch|x64.ActiveCfg = nuget_release|x64
		{66E8C726-0036-41FB-23E2-9E3FADD00407}.LipidSearch|x64.Build.0 = nuget_release|x64
		{66E8C726-0036-41FB-23E2-9E3FADD00407}.LipidSearch|x86.ActiveCfg = nuget_release|Any CPU
		{66E8C726-0036-41FB-23E2-9E3FADD00407}.LipidSearch|x86.Build.0 = nuget_release|Any CPU
		{66E8C726-0036-41FB-23E2-9E3FADD00407}.mzkit_win32|Any CPU.ActiveCfg = Release|Any CPU
		{66E8C726-0036-41FB-23E2-9E3FADD00407}.mzkit_win32|Any CPU.Build.0 = Release|Any CPU
		{66E8C726-0036-41FB-23E2-9E3FADD00407}.mzkit_win32|x64.ActiveCfg = Release|x64
		{66E8C726-0036-41FB-23E2-9E3FADD00407}.mzkit_win32|x64.Build.0 = Release|x64
		{66E8C726-0036-41FB-23E2-9E3FADD00407}.mzkit_win32|x86.ActiveCfg = Release|Any CPU
		{66E8C726-0036-41FB-23E2-9E3FADD00407}.mzkit_win32|x86.Build.0 = Release|Any CPU
		{66E8C726-0036-41FB-23E2-9E3FADD00407}.mzkit|Any CPU.ActiveCfg = Debug|Any CPU
		{66E8C726-0036-41FB-23E2-9E3FADD00407}.mzkit|Any CPU.Build.0 = Debug|Any CPU
		{66E8C726-0036-41FB-23E2-9E3FADD00407}.mzkit|x64.ActiveCfg = Debug|x64
		{66E8C726-0036-41FB-23E2-9E3FADD00407}.mzkit|x64.Build.0 = Debug|x64
		{66E8C726-0036-41FB-23E2-9E3FADD00407}.mzkit|x86.ActiveCfg = Debug|Any CPU
		{66E8C726-0036-41FB-23E2-9E3FADD00407}.mzkit|x86.Build.0 = Debug|Any CPU
		{66E8C726-0036-41FB-23E2-9E3FADD00407}.NPSearch|Any CPU.ActiveCfg = Debug|Any CPU
		{66E8C726-0036-41FB-23E2-9E3FADD00407}.NPSearch|Any CPU.Build.0 = Debug|Any CPU
		{66E8C726-0036-41FB-23E2-9E3FADD00407}.NPSearch|x64.ActiveCfg = Debug|x64
		{66E8C726-0036-41FB-23E2-9E3FADD00407}.NPSearch|x64.Build.0 = Debug|x64
		{66E8C726-0036-41FB-23E2-9E3FADD00407}.NPSearch|x86.ActiveCfg = Debug|Any CPU
		{66E8C726-0036-41FB-23E2-9E3FADD00407}.NPSearch|x86.Build.0 = Debug|Any CPU
		{66E8C726-0036-41FB-23E2-9E3FADD00407}.nuget_release|Any CPU.ActiveCfg = nuget_release|Any CPU
		{66E8C726-0036-41FB-23E2-9E3FADD00407}.nuget_release|Any CPU.Build.0 = nuget_release|Any CPU
		{66E8C726-0036-41FB-23E2-9E3FADD00407}.nuget_release|x64.ActiveCfg = nuget_release|x64
		{66E8C726-0036-41FB-23E2-9E3FADD00407}.nuget_release|x64.Build.0 = nuget_release|x64
		{66E8C726-0036-41FB-23E2-9E3FADD00407}.nuget_release|x86.ActiveCfg = nuget_release|Any CPU
		{66E8C726-0036-41FB-23E2-9E3FADD00407}.nuget_release|x86.Build.0 = nuget_release|Any CPU
		{66E8C726-0036-41FB-23E2-9E3FADD00407}.PlantMAT|Any CPU.ActiveCfg = Release|Any CPU
		{66E8C726-0036-41FB-23E2-9E3FADD00407}.PlantMAT|Any CPU.Build.0 = Release|Any CPU
		{66E8C726-0036-41FB-23E2-9E3FADD00407}.PlantMAT|x64.ActiveCfg = Release|x64
		{66E8C726-0036-41FB-23E2-9E3FADD00407}.PlantMAT|x64.Build.0 = Release|x64
		{66E8C726-0036-41FB-23E2-9E3FADD00407}.PlantMAT|x86.ActiveCfg = Release|Any CPU
		{66E8C726-0036-41FB-23E2-9E3FADD00407}.PlantMAT|x86.Build.0 = Release|Any CPU
		{66E8C726-0036-41FB-23E2-9E3FADD00407}.Release|Any CPU.ActiveCfg = Release|Any CPU
		{66E8C726-0036-41FB-23E2-9E3FADD00407}.Release|Any CPU.Build.0 = Release|Any CPU
		{66E8C726-0036-41FB-23E2-9E3FADD00407}.Release|x64.ActiveCfg = Release|x64
		{66E8C726-0036-41FB-23E2-9E3FADD00407}.Release|x64.Build.0 = Release|x64
		{66E8C726-0036-41FB-23E2-9E3FADD00407}.Release|x86.ActiveCfg = Release|Any CPU
		{66E8C726-0036-41FB-23E2-9E3FADD00407}.Release|x86.Build.0 = Release|Any CPU
		{66E8C726-0036-41FB-23E2-9E3FADD00407}.Rsharp_app_release|Any CPU.ActiveCfg = nuget_release|Any CPU
		{66E8C726-0036-41FB-23E2-9E3FADD00407}.Rsharp_app_release|Any CPU.Build.0 = nuget_release|Any CPU
		{66E8C726-0036-41FB-23E2-9E3FADD00407}.Rsharp_app_release|x64.ActiveCfg = nuget_release|x64
		{66E8C726-0036-41FB-23E2-9E3FADD00407}.Rsharp_app_release|x64.Build.0 = nuget_release|x64
		{66E8C726-0036-41FB-23E2-9E3FADD00407}.Rsharp_app_release|x86.ActiveCfg = nuget_release|Any CPU
		{66E8C726-0036-41FB-23E2-9E3FADD00407}.Rsharp_app_release|x86.Build.0 = nuget_release|Any CPU
	EndGlobalSection
	GlobalSection(SolutionProperties) = preSolution
		HideSolutionNode = FALSE
	EndGlobalSection
	GlobalSection(NestedProjects) = preSolution
		{5805FF8B-FF20-493B-89D4-CDF7661EF23A} = {BFC14517-FFCC-4B16-8A8F-5D7AFEDA7AB5}
		{DFFF1E04-859B-4335-8D97-B54D390ABC17} = {BFC14517-FFCC-4B16-8A8F-5D7AFEDA7AB5}
		{5CF6DB8D-1725-43D5-B4F9-9A32A85D883B} = {BFC14517-FFCC-4B16-8A8F-5D7AFEDA7AB5}
		{0C438E38-F9C6-4A53-887D-C12736B05F9E} = {BFC14517-FFCC-4B16-8A8F-5D7AFEDA7AB5}
		{66E8C726-0036-41FB-23E2-9E3FADD00407} = {BFC14517-FFCC-4B16-8A8F-5D7AFEDA7AB5}
	EndGlobalSection
	GlobalSection(ExtensibilityGlobals) = postSolution
		SolutionGuid = {D8387AC4-5343-410F-91D7-F1FD440B9424}
	EndGlobalSection
EndGlobal
